// !$*UTF8*$!
{
	archiveVersion = 1;
	classes = {
	};
	objectVersion = 50;
	objects = {

/* Begin PBXBuildFile section */
		81C98068217490E1008D15C6 /* AppDelegate.swift in Sources */ = {isa = PBXBuildFile; fileRef = 81C98067217490E1008D15C6 /* AppDelegate.swift */; };
		81C9806A217490E1008D15C6 /* ViewController.swift in Sources */ = {isa = PBXBuildFile; fileRef = 81C98069217490E1008D15C6 /* ViewController.swift */; };
		81C9806D217490E1008D15C6 /* Main.storyboard in Resources */ = {isa = PBXBuildFile; fileRef = 81C9806B217490E1008D15C6 /* Main.storyboard */; };
		81C9806F217490E2008D15C6 /* Assets.xcassets in Resources */ = {isa = PBXBuildFile; fileRef = 81C9806E217490E2008D15C6 /* Assets.xcassets */; };
		81C98072217490E2008D15C6 /* LaunchScreen.storyboard in Resources */ = {isa = PBXBuildFile; fileRef = 81C98070217490E2008D15C6 /* LaunchScreen.storyboard */; };
		81C9807D217490E2008D15C6 /* ExampleTests.swift in Sources */ = {isa = PBXBuildFile; fileRef = 81C9807C217490E2008D15C6 /* ExampleTests.swift */; };
		81C98088217490E2008D15C6 /* ExampleUITests.swift in Sources */ = {isa = PBXBuildFile; fileRef = 81C98087217490E2008D15C6 /* ExampleUITests.swift */; };
		81C98096217490EF008D15C6 /* FlashForm.framework in Frameworks */ = {isa = PBXBuildFile; fileRef = 81C98095217490EF008D15C6 /* FlashForm.framework */; };
		81C98097217490EF008D15C6 /* FlashForm.framework in Embed Frameworks */ = {isa = PBXBuildFile; fileRef = 81C98095217490EF008D15C6 /* FlashForm.framework */; settings = {ATTRIBUTES = (CodeSignOnCopy, RemoveHeadersOnCopy, ); }; };
/* End PBXBuildFile section */

/* Begin PBXContainerItemProxy section */
		81C98079217490E2008D15C6 /* PBXContainerItemProxy */ = {
			isa = PBXContainerItemProxy;
			containerPortal = 81C9805C217490E1008D15C6 /* Project object */;
			proxyType = 1;
			remoteGlobalIDString = 81C98063217490E1008D15C6;
			remoteInfo = Example;
		};
		81C98084217490E2008D15C6 /* PBXContainerItemProxy */ = {
			isa = PBXContainerItemProxy;
			containerPortal = 81C9805C217490E1008D15C6 /* Project object */;
			proxyType = 1;
			remoteGlobalIDString = 81C98063217490E1008D15C6;
			remoteInfo = Example;
		};
/* End PBXContainerItemProxy section */

/* Begin PBXCopyFilesBuildPhase section */
		81C98098217490EF008D15C6 /* Embed Frameworks */ = {
			isa = PBXCopyFilesBuildPhase;
			buildActionMask = 2147483647;
			dstPath = "";
			dstSubfolderSpec = 10;
			files = (
				81C98097217490EF008D15C6 /* FlashForm.framework in Embed Frameworks */,
			);
			name = "Embed Frameworks";
			runOnlyForDeploymentPostprocessing = 0;
		};
/* End PBXCopyFilesBuildPhase section */

/* Begin PBXFileReference section */
		81C98064217490E1008D15C6 /* Example.app */ = {isa = PBXFileReference; explicitFileType = wrapper.application; includeInIndex = 0; path = Example.app; sourceTree = BUILT_PRODUCTS_DIR; };
		81C98067217490E1008D15C6 /* AppDelegate.swift */ = {isa = PBXFileReference; lastKnownFileType = sourcecode.swift; path = AppDelegate.swift; sourceTree = "<group>"; };
		81C98069217490E1008D15C6 /* ViewController.swift */ = {isa = PBXFileReference; lastKnownFileType = sourcecode.swift; path = ViewController.swift; sourceTree = "<group>"; };
		81C9806C217490E1008D15C6 /* Base */ = {isa = PBXFileReference; lastKnownFileType = file.storyboard; name = Base; path = Base.lproj/Main.storyboard; sourceTree = "<group>"; };
		81C9806E217490E2008D15C6 /* Assets.xcassets */ = {isa = PBXFileReference; lastKnownFileType = folder.assetcatalog; path = Assets.xcassets; sourceTree = "<group>"; };
		81C98071217490E2008D15C6 /* Base */ = {isa = PBXFileReference; lastKnownFileType = file.storyboard; name = Base; path = Base.lproj/LaunchScreen.storyboard; sourceTree = "<group>"; };
		81C98073217490E2008D15C6 /* Info.plist */ = {isa = PBXFileReference; lastKnownFileType = text.plist.xml; path = Info.plist; sourceTree = "<group>"; };
		81C98078217490E2008D15C6 /* ExampleTests.xctest */ = {isa = PBXFileReference; explicitFileType = wrapper.cfbundle; includeInIndex = 0; path = ExampleTests.xctest; sourceTree = BUILT_PRODUCTS_DIR; };
		81C9807C217490E2008D15C6 /* ExampleTests.swift */ = {isa = PBXFileReference; lastKnownFileType = sourcecode.swift; path = ExampleTests.swift; sourceTree = "<group>"; };
		81C9807E217490E2008D15C6 /* Info.plist */ = {isa = PBXFileReference; lastKnownFileType = text.plist.xml; path = Info.plist; sourceTree = "<group>"; };
		81C98083217490E2008D15C6 /* ExampleUITests.xctest */ = {isa = PBXFileReference; explicitFileType = wrapper.cfbundle; includeInIndex = 0; path = ExampleUITests.xctest; sourceTree = BUILT_PRODUCTS_DIR; };
		81C98087217490E2008D15C6 /* ExampleUITests.swift */ = {isa = PBXFileReference; lastKnownFileType = sourcecode.swift; path = ExampleUITests.swift; sourceTree = "<group>"; };
		81C98089217490E2008D15C6 /* Info.plist */ = {isa = PBXFileReference; lastKnownFileType = text.plist.xml; path = Info.plist; sourceTree = "<group>"; };
		81C98095217490EF008D15C6 /* FlashForm.framework */ = {isa = PBXFileReference; explicitFileType = wrapper.framework; path = FlashForm.framework; sourceTree = BUILT_PRODUCTS_DIR; };
/* End PBXFileReference section */

/* Begin PBXFrameworksBuildPhase section */
		81C98061217490E1008D15C6 /* Frameworks */ = {
			isa = PBXFrameworksBuildPhase;
			buildActionMask = 2147483647;
			files = (
				81C98096217490EF008D15C6 /* FlashForm.framework in Frameworks */,
			);
			runOnlyForDeploymentPostprocessing = 0;
		};
		81C98075217490E2008D15C6 /* Frameworks */ = {
			isa = PBXFrameworksBuildPhase;
			buildActionMask = 2147483647;
			files = (
			);
			runOnlyForDeploymentPostprocessing = 0;
		};
		81C98080217490E2008D15C6 /* Frameworks */ = {
			isa = PBXFrameworksBuildPhase;
			buildActionMask = 2147483647;
			files = (
			);
			runOnlyForDeploymentPostprocessing = 0;
		};
/* End PBXFrameworksBuildPhase section */

/* Begin PBXGroup section */
		81C9805B217490E1008D15C6 = {
			isa = PBXGroup;
			children = (
				81C98095217490EF008D15C6 /* FlashForm.framework */,
				81C98066217490E1008D15C6 /* Example */,
				81C9807B217490E2008D15C6 /* ExampleTests */,
				81C98086217490E2008D15C6 /* ExampleUITests */,
				81C98065217490E1008D15C6 /* Products */,
			);
			sourceTree = "<group>";
		};
		81C98065217490E1008D15C6 /* Products */ = {
			isa = PBXGroup;
			children = (
				81C98064217490E1008D15C6 /* Example.app */,
				81C98078217490E2008D15C6 /* ExampleTests.xctest */,
				81C98083217490E2008D15C6 /* ExampleUITests.xctest */,
			);
			name = Products;
			sourceTree = "<group>";
		};
		81C98066217490E1008D15C6 /* Example */ = {
			isa = PBXGroup;
			children = (
				81C98067217490E1008D15C6 /* AppDelegate.swift */,
				81C98069217490E1008D15C6 /* ViewController.swift */,
				81C9806B217490E1008D15C6 /* Main.storyboard */,
				81C9806E217490E2008D15C6 /* Assets.xcassets */,
				81C98070217490E2008D15C6 /* LaunchScreen.storyboard */,
				81C98073217490E2008D15C6 /* Info.plist */,
			);
			path = Example;
			sourceTree = "<group>";
		};
		81C9807B217490E2008D15C6 /* ExampleTests */ = {
			isa = PBXGroup;
			children = (
				81C9807C217490E2008D15C6 /* ExampleTests.swift */,
				81C9807E217490E2008D15C6 /* Info.plist */,
			);
			path = ExampleTests;
			sourceTree = "<group>";
		};
		81C98086217490E2008D15C6 /* ExampleUITests */ = {
			isa = PBXGroup;
			children = (
				81C98087217490E2008D15C6 /* ExampleUITests.swift */,
				81C98089217490E2008D15C6 /* Info.plist */,
			);
			path = ExampleUITests;
			sourceTree = "<group>";
		};
/* End PBXGroup section */

/* Begin PBXNativeTarget section */
		81C98063217490E1008D15C6 /* Example */ = {
			isa = PBXNativeTarget;
			buildConfigurationList = 81C9808C217490E2008D15C6 /* Build configuration list for PBXNativeTarget "Example" */;
			buildPhases = (
				81C98060217490E1008D15C6 /* Sources */,
				81C98061217490E1008D15C6 /* Frameworks */,
				81C98062217490E1008D15C6 /* Resources */,
				81C98098217490EF008D15C6 /* Embed Frameworks */,
			);
			buildRules = (
			);
			dependencies = (
			);
			name = Example;
			productName = Example;
			productReference = 81C98064217490E1008D15C6 /* Example.app */;
			productType = "com.apple.product-type.application";
		};
		81C98077217490E2008D15C6 /* ExampleTests */ = {
			isa = PBXNativeTarget;
			buildConfigurationList = 81C9808F217490E2008D15C6 /* Build configuration list for PBXNativeTarget "ExampleTests" */;
			buildPhases = (
				81C98074217490E2008D15C6 /* Sources */,
				81C98075217490E2008D15C6 /* Frameworks */,
				81C98076217490E2008D15C6 /* Resources */,
			);
			buildRules = (
			);
			dependencies = (
				81C9807A217490E2008D15C6 /* PBXTargetDependency */,
			);
			name = ExampleTests;
			productName = ExampleTests;
			productReference = 81C98078217490E2008D15C6 /* ExampleTests.xctest */;
			productType = "com.apple.product-type.bundle.unit-test";
		};
		81C98082217490E2008D15C6 /* ExampleUITests */ = {
			isa = PBXNativeTarget;
			buildConfigurationList = 81C98092217490E2008D15C6 /* Build configuration list for PBXNativeTarget "ExampleUITests" */;
			buildPhases = (
				81C9807F217490E2008D15C6 /* Sources */,
				81C98080217490E2008D15C6 /* Frameworks */,
				81C98081217490E2008D15C6 /* Resources */,
			);
			buildRules = (
			);
			dependencies = (
				81C98085217490E2008D15C6 /* PBXTargetDependency */,
			);
			name = ExampleUITests;
			productName = ExampleUITests;
			productReference = 81C98083217490E2008D15C6 /* ExampleUITests.xctest */;
			productType = "com.apple.product-type.bundle.ui-testing";
		};
/* End PBXNativeTarget section */

/* Begin PBXProject section */
		81C9805C217490E1008D15C6 /* Project object */ = {
			isa = PBXProject;
			attributes = {
				LastSwiftUpdateCheck = 1000;
				LastUpgradeCheck = 1000;
				ORGANIZATIONNAME = ios;
				TargetAttributes = {
					81C98063217490E1008D15C6 = {
						CreatedOnToolsVersion = 10.0;
					};
					81C98077217490E2008D15C6 = {
						CreatedOnToolsVersion = 10.0;
						TestTargetID = 81C98063217490E1008D15C6;
					};
					81C98082217490E2008D15C6 = {
						CreatedOnToolsVersion = 10.0;
						TestTargetID = 81C98063217490E1008D15C6;
					};
				};
			};
			buildConfigurationList = 81C9805F217490E1008D15C6 /* Build configuration list for PBXProject "Example" */;
			compatibilityVersion = "Xcode 9.3";
			developmentRegion = en;
			hasScannedForEncodings = 0;
			knownRegions = (
				en,
				Base,
			);
			mainGroup = 81C9805B217490E1008D15C6;
			productRefGroup = 81C98065217490E1008D15C6 /* Products */;
			projectDirPath = "";
			projectRoot = "";
			targets = (
				81C98063217490E1008D15C6 /* Example */,
				81C98077217490E2008D15C6 /* ExampleTests */,
				81C98082217490E2008D15C6 /* ExampleUITests */,
			);
		};
/* End PBXProject section */

/* Begin PBXResourcesBuildPhase section */
		81C98062217490E1008D15C6 /* Resources */ = {
			isa = PBXResourcesBuildPhase;
			buildActionMask = 2147483647;
			files = (
				81C98072217490E2008D15C6 /* LaunchScreen.storyboard in Resources */,
				81C9806F217490E2008D15C6 /* Assets.xcassets in Resources */,
				81C9806D217490E1008D15C6 /* Main.storyboard in Resources */,
			);
			runOnlyForDeploymentPostprocessing = 0;
		};
		81C98076217490E2008D15C6 /* Resources */ = {
			isa = PBXResourcesBuildPhase;
			buildActionMask = 2147483647;
			files = (
			);
			runOnlyForDeploymentPostprocessing = 0;
		};
		81C98081217490E2008D15C6 /* Resources */ = {
			isa = PBXResourcesBuildPhase;
			buildActionMask = 2147483647;
			files = (
			);
			runOnlyForDeploymentPostprocessing = 0;
		};
/* End PBXResourcesBuildPhase section */

/* Begin PBXSourcesBuildPhase section */
		81C98060217490E1008D15C6 /* Sources */ = {
			isa = PBXSourcesBuildPhase;
			buildActionMask = 2147483647;
			files = (
				81C9806A217490E1008D15C6 /* ViewController.swift in Sources */,
				81C98068217490E1008D15C6 /* AppDelegate.swift in Sources */,
			);
			runOnlyForDeploymentPostprocessing = 0;
		};
		81C98074217490E2008D15C6 /* Sources */ = {
			isa = PBXSourcesBuildPhase;
			buildActionMask = 2147483647;
			files = (
				81C9807D217490E2008D15C6 /* ExampleTests.swift in Sources */,
			);
			runOnlyForDeploymentPostprocessing = 0;
		};
		81C9807F217490E2008D15C6 /* Sources */ = {
			isa = PBXSourcesBuildPhase;
			buildActionMask = 2147483647;
			files = (
				81C98088217490E2008D15C6 /* ExampleUITests.swift in Sources */,
			);
			runOnlyForDeploymentPostprocessing = 0;
		};
/* End PBXSourcesBuildPhase section */

/* Begin PBXTargetDependency section */
		81C9807A217490E2008D15C6 /* PBXTargetDependency */ = {
			isa = PBXTargetDependency;
			target = 81C98063217490E1008D15C6 /* Example */;
			targetProxy = 81C98079217490E2008D15C6 /* PBXContainerItemProxy */;
		};
		81C98085217490E2008D15C6 /* PBXTargetDependency */ = {
			isa = PBXTargetDependency;
			target = 81C98063217490E1008D15C6 /* Example */;
			targetProxy = 81C98084217490E2008D15C6 /* PBXContainerItemProxy */;
		};
/* End PBXTargetDependency section */

/* Begin PBXVariantGroup section */
		81C9806B217490E1008D15C6 /* Main.storyboard */ = {
			isa = PBXVariantGroup;
			children = (
				81C9806C217490E1008D15C6 /* Base */,
			);
			name = Main.storyboard;
			sourceTree = "<group>";
		};
		81C98070217490E2008D15C6 /* LaunchScreen.storyboard */ = {
			isa = PBXVariantGroup;
			children = (
				81C98071217490E2008D15C6 /* Base */,
			);
			name = LaunchScreen.storyboard;
			sourceTree = "<group>";
		};
/* End PBXVariantGroup section */

/* Begin XCBuildConfiguration section */
		81C9808A217490E2008D15C6 /* Debug */ = {
			isa = XCBuildConfiguration;
			buildSettings = {
				ALWAYS_SEARCH_USER_PATHS = NO;
				CLANG_ANALYZER_NONNULL = YES;
				CLANG_ANALYZER_NUMBER_OBJECT_CONVERSION = YES_AGGRESSIVE;
				CLANG_CXX_LANGUAGE_STANDARD = "gnu++14";
				CLANG_CXX_LIBRARY = "libc++";
				CLANG_ENABLE_MODULES = YES;
				CLANG_ENABLE_OBJC_ARC = YES;
				CLANG_ENABLE_OBJC_WEAK = YES;
				CLANG_WARN_BLOCK_CAPTURE_AUTORELEASING = YES;
				CLANG_WARN_BOOL_CONVERSION = YES;
				CLANG_WARN_COMMA = YES;
				CLANG_WARN_CONSTANT_CONVERSION = YES;
				CLANG_WARN_DEPRECATED_OBJC_IMPLEMENTATIONS = YES;
				CLANG_WARN_DIRECT_OBJC_ISA_USAGE = YES_ERROR;
				CLANG_WARN_DOCUMENTATION_COMMENTS = YES;
				CLANG_WARN_EMPTY_BODY = YES;
				CLANG_WARN_ENUM_CONVERSION = YES;
				CLANG_WARN_INFINITE_RECURSION = YES;
				CLANG_WARN_INT_CONVERSION = YES;
				CLANG_WARN_NON_LITERAL_NULL_CONVERSION = YES;
				CLANG_WARN_OBJC_IMPLICIT_RETAIN_SELF = YES;
				CLANG_WARN_OBJC_LITERAL_CONVERSION = YES;
				CLANG_WARN_OBJC_ROOT_CLASS = YES_ERROR;
				CLANG_WARN_RANGE_LOOP_ANALYSIS = YES;
				CLANG_WARN_STRICT_PROTOTYPES = YES;
				CLANG_WARN_SUSPICIOUS_MOVE = YES;
				CLANG_WARN_UNGUARDED_AVAILABILITY = YES_AGGRESSIVE;
				CLANG_WARN_UNREACHABLE_CODE = YES;
				CLANG_WARN__DUPLICATE_METHOD_MATCH = YES;
				CODE_SIGN_IDENTITY = "iPhone Developer";
				COPY_PHASE_STRIP = NO;
				DEBUG_INFORMATION_FORMAT = dwarf;
				ENABLE_STRICT_OBJC_MSGSEND = YES;
				ENABLE_TESTABILITY = YES;
				GCC_C_LANGUAGE_STANDARD = gnu11;
				GCC_DYNAMIC_NO_PIC = NO;
				GCC_NO_COMMON_BLOCKS = YES;
				GCC_OPTIMIZATION_LEVEL = 0;
				GCC_PREPROCESSOR_DEFINITIONS = (
					"DEBUG=1",
					"$(inherited)",
				);
				GCC_WARN_64_TO_32_BIT_CONVERSION = YES;
				GCC_WARN_ABOUT_RETURN_TYPE = YES_ERROR;
				GCC_WARN_UNDECLARED_SELECTOR = YES;
				GCC_WARN_UNINITIALIZED_AUTOS = YES_AGGRESSIVE;
				GCC_WARN_UNUSED_FUNCTION = YES;
				GCC_WARN_UNUSED_VARIABLE = YES;
				IPHONEOS_DEPLOYMENT_TARGET = 12.0;
				MTL_ENABLE_DEBUG_INFO = INCLUDE_SOURCE;
				MTL_FAST_MATH = YES;
				ONLY_ACTIVE_ARCH = YES;
				SDKROOT = iphoneos;
				SWIFT_ACTIVE_COMPILATION_CONDITIONS = DEBUG;
				SWIFT_OPTIMIZATION_LEVEL = "-Onone";
			};
			name = Debug;
		};
		81C9808B217490E2008D15C6 /* Release */ = {
			isa = XCBuildConfiguration;
			buildSettings = {
				ALWAYS_SEARCH_USER_PATHS = NO;
				CLANG_ANALYZER_NONNULL = YES;
				CLANG_ANALYZER_NUMBER_OBJECT_CONVERSION = YES_AGGRESSIVE;
				CLANG_CXX_LANGUAGE_STANDARD = "gnu++14";
				CLANG_CXX_LIBRARY = "libc++";
				CLANG_ENABLE_MODULES = YES;
				CLANG_ENABLE_OBJC_ARC = YES;
				CLANG_ENABLE_OBJC_WEAK = YES;
				CLANG_WARN_BLOCK_CAPTURE_AUTORELEASING = YES;
				CLANG_WARN_BOOL_CONVERSION = YES;
				CLANG_WARN_COMMA = YES;
				CLANG_WARN_CONSTANT_CONVERSION = YES;
				CLANG_WARN_DEPRECATED_OBJC_IMPLEMENTATIONS = YES;
				CLANG_WARN_DIRECT_OBJC_ISA_USAGE = YES_ERROR;
				CLANG_WARN_DOCUMENTATION_COMMENTS = YES;
				CLANG_WARN_EMPTY_BODY = YES;
				CLANG_WARN_ENUM_CONVERSION = YES;
				CLANG_WARN_INFINITE_RECURSION = YES;
				CLANG_WARN_INT_CONVERSION = YES;
				CLANG_WARN_NON_LITERAL_NULL_CONVERSION = YES;
				CLANG_WARN_OBJC_IMPLICIT_RETAIN_SELF = YES;
				CLANG_WARN_OBJC_LITERAL_CONVERSION = YES;
				CLANG_WARN_OBJC_ROOT_CLASS = YES_ERROR;
				CLANG_WARN_RANGE_LOOP_ANALYSIS = YES;
				CLANG_WARN_STRICT_PROTOTYPES = YES;
				CLANG_WARN_SUSPICIOUS_MOVE = YES;
				CLANG_WARN_UNGUARDED_AVAILABILITY = YES_AGGRESSIVE;
				CLANG_WARN_UNREACHABLE_CODE = YES;
				CLANG_WARN__DUPLICATE_METHOD_MATCH = YES;
				CODE_SIGN_IDENTITY = "iPhone Developer";
				COPY_PHASE_STRIP = NO;
				DEBUG_INFORMATION_FORMAT = "dwarf-with-dsym";
				ENABLE_NS_ASSERTIONS = NO;
				ENABLE_STRICT_OBJC_MSGSEND = YES;
				GCC_C_LANGUAGE_STANDARD = gnu11;
				GCC_NO_COMMON_BLOCKS = YES;
				GCC_WARN_64_TO_32_BIT_CONVERSION = YES;
				GCC_WARN_ABOUT_RETURN_TYPE = YES_ERROR;
				GCC_WARN_UNDECLARED_SELECTOR = YES;
				GCC_WARN_UNINITIALIZED_AUTOS = YES_AGGRESSIVE;
				GCC_WARN_UNUSED_FUNCTION = YES;
				GCC_WARN_UNUSED_VARIABLE = YES;
				IPHONEOS_DEPLOYMENT_TARGET = 12.0;
				MTL_ENABLE_DEBUG_INFO = NO;
				MTL_FAST_MATH = YES;
				SDKROOT = iphoneos;
				SWIFT_COMPILATION_MODE = wholemodule;
				SWIFT_OPTIMIZATION_LEVEL = "-O";
				VALIDATE_PRODUCT = YES;
			};
			name = Release;
		};
		81C9808D217490E2008D15C6 /* Debug */ = {
			isa = XCBuildConfiguration;
			buildSettings = {
				ASSETCATALOG_COMPILER_APPICON_NAME = AppIcon;
				CODE_SIGN_STYLE = Automatic;
				DEVELOPMENT_TEAM = 8RERYSDEKS;
				INFOPLIST_FILE = Example/Info.plist;
				LD_RUNPATH_SEARCH_PATHS = (
					"$(inherited)",
					"@executable_path/Frameworks",
				);
				PRODUCT_BUNDLE_IDENTIFIER = mos.sxq.Example;
				PRODUCT_NAME = "$(TARGET_NAME)";
				SWIFT_VERSION = 4.2;
				TARGETED_DEVICE_FAMILY = "1,2";
			};
			name = Debug;
		};
		81C9808E217490E2008D15C6 /* Release */ = {
			isa = XCBuildConfiguration;
			buildSettings = {
				ASSETCATALOG_COMPILER_APPICON_NAME = AppIcon;
				CODE_SIGN_STYLE = Automatic;
				DEVELOPMENT_TEAM = 8RERYSDEKS;
				INFOPLIST_FILE = Example/Info.plist;
				LD_RUNPATH_SEARCH_PATHS = (
					"$(inherited)",
					"@executable_path/Frameworks",
				);
				PRODUCT_BUNDLE_IDENTIFIER = mos.sxq.Example;
				PRODUCT_NAME = "$(TARGET_NAME)";
				SWIFT_VERSION = 4.2;
				TARGETED_DEVICE_FAMILY = "1,2";
			};
			name = Release;
		};
		81C98090217490E2008D15C6 /* Debug */ = {
			isa = XCBuildConfiguration;
			buildSettings = {
				ALWAYS_EMBED_SWIFT_STANDARD_LIBRARIES = YES;
				BUNDLE_LOADER = "$(TEST_HOST)";
				CODE_SIGN_STYLE = Automatic;
				DEVELOPMENT_TEAM = 8RERYSDEKS;
				INFOPLIST_FILE = ExampleTests/Info.plist;
				LD_RUNPATH_SEARCH_PATHS = (
					"$(inherited)",
					"@executable_path/Frameworks",
					"@loader_path/Frameworks",
				);
				PRODUCT_BUNDLE_IDENTIFIER = mos.sxq.ExampleTests;
				PRODUCT_NAME = "$(TARGET_NAME)";
				SWIFT_VERSION = 4.2;
				TARGETED_DEVICE_FAMILY = "1,2";
				TEST_HOST = "$(BUILT_PRODUCTS_DIR)/Example.app/Example";
			};
			name = Debug;
		};
		81C98091217490E2008D15C6 /* Release */ = {
			isa = XCBuildConfiguration;
			buildSettings = {
				ALWAYS_EMBED_SWIFT_STANDARD_LIBRARIES = YES;
				BUNDLE_LOADER = "$(TEST_HOST)";
				CODE_SIGN_STYLE = Automatic;
				DEVELOPMENT_TEAM = 8RERYSDEKS;
				INFOPLIST_FILE = ExampleTests/Info.plist;
				LD_RUNPATH_SEARCH_PATHS = (
					"$(inherited)",
					"@executable_path/Frameworks",
					"@loader_path/Frameworks",
				);
				PRODUCT_BUNDLE_IDENTIFIER = mos.sxq.ExampleTests;
				PRODUCT_NAME = "$(TARGET_NAME)";
				SWIFT_VERSION = 4.2;
				TARGETED_DEVICE_FAMILY = "1,2";
				TEST_HOST = "$(BUILT_PRODUCTS_DIR)/Example.app/Example";
			};
			name = Release;
		};
		81C98093217490E2008D15C6 /* Debug */ = {
			isa = XCBuildConfiguration;
			buildSettings = {
				ALWAYS_EMBED_SWIFT_STANDARD_LIBRARIES = YES;
				CODE_SIGN_STYLE = Automatic;
				DEVELOPMENT_TEAM = 8RERYSDEKS;
				INFOPLIST_FILE = ExampleUITests/Info.plist;
				LD_RUNPATH_SEARCH_PATHS = (
					"$(inherited)",
					"@executable_path/Frameworks",
					"@loader_path/Frameworks",
				);
				PRODUCT_BUNDLE_IDENTIFIER = mos.sxq.ExampleUITests;
				PRODUCT_NAME = "$(TARGET_NAME)";
				SWIFT_VERSION = 4.2;
				TARGETED_DEVICE_FAMILY = "1,2";
				TEST_TARGET_NAME = Example;
			};
			name = Debug;
		};
		81C98094217490E2008D15C6 /* Release */ = {
			isa = XCBuildConfiguration;
			buildSettings = {
				ALWAYS_EMBED_SWIFT_STANDARD_LIBRARIES = YES;
				CODE_SIGN_STYLE = Automatic;
				DEVELOPMENT_TEAM = 8RERYSDEKS;
				INFOPLIST_FILE = ExampleUITests/Info.plist;
				LD_RUNPATH_SEARCH_PATHS = (
					"$(inherited)",
					"@executable_path/Frameworks",
					"@loader_path/Frameworks",
				);
				PRODUCT_BUNDLE_IDENTIFIER = mos.sxq.ExampleUITests;
				PRODUCT_NAME = "$(TARGET_NAME)";
				SWIFT_VERSION = 4.2;
				TARGETED_DEVICE_FAMILY = "1,2";
				TEST_TARGET_NAME = Example;
			};
			name = Release;
		};
/* End XCBuildConfiguration section */

/* Begin XCConfigurationList section */
		81C9805F217490E1008D15C6 /* Build configuration list for PBXProject "Example" */ = {
			isa = XCConfigurationList;
			buildConfigurations = (
				81C9808A217490E2008D15C6 /* Debug */,
				81C9808B217490E2008D15C6 /* Release */,
			);
			defaultConfigurationIsVisible = 0;
			defaultConfigurationName = Release;
		};
		81C9808C217490E2008D15C6 /* Build configuration list for PBXNativeTarget "Example" */ = {
			isa = XCConfigurationList;
			buildConfigurations = (
				81C9808D217490E2008D15C6 /* Debug */,
				81C9808E217490E2008D15C6 /* Release */,
			);
			defaultConfigurationIsVisible = 0;
			defaultConfigurationName = Release;
		};
		81C9808F217490E2008D15C6 /* Build configuration list for PBXNativeTarget "ExampleTests" */ = {
			isa = XCConfigurationList;
			buildConfigurations = (
				81C98090217490E2008D15C6 /* Debug */,
				81C98091217490E2008D15C6 /* Release */,
			);
			defaultConfigurationIsVisible = 0;
			defaultConfigurationName = Release;
		};
		81C98092217490E2008D15C6 /* Build configuration list for PBXNativeTarget "ExampleUITests" */ = {
			isa = XCConfigurationList;
			buildConfigurations = (
				81C98093217490E2008D15C6 /* Debug */,
				81C98094217490E2008D15C6 /* Release */,
			);
			defaultConfigurationIsVisible = 0;
			defaultConfigurationName = Release;
		};
/* End XCConfigurationList section */
	};
	rootObject = 81C9805C217490E1008D15C6 /* Project object */;
}
